{
  "object": {
    "pins": [
      {
        "package": "Alamofire",
        "repositoryURL": "https://github.com/Alamofire/Alamofire.git",
        "state": {
          "branch": null,
          "revision": "eaf6e622dd41b07b251d8f01752eab31bc811493",
          "version": "5.4.1"
        }
      },
      {
        "package": "Lookup",
        "repositoryURL": "https://github.com/iWECon/Lookup",
        "state": {
          "branch": null,
          "revision": "aaed21f04eca8d6d408e313a60a3150dc2e49c61",
          "version": "1.0.3"
        }
      },
      {
        "package": "Moya",
        "repositoryURL": "https://github.com/iWECon/Moya.git",
        "state": {
          "branch": null,
          "revision": "15616dc222fca7f7feb830dfbb32ed329852d7c8",
          "version": "14.1.0"
        }
      },
      {
        "package": "ReactiveSwift",
        "repositoryURL": "https://github.com/Moya/ReactiveSwift.git",
        "state": {
          "branch": null,
          "revision": "f195d82bb30e412e70446e2b4a77e1b514099e88",
          "version": "6.1.0"
        }
      },
      {
        "package": "RxSwift",
        "repositoryURL": "https://github.com/ReactiveX/RxSwift.git",
        "state": {
          "branch": null,
          "revision": "002d325b0bdee94e7882e1114af5ff4fe1e96afa",
          "version": "5.1.1"
        }
      }
    ]
  },
  "version": 1
}
